// !$*UTF8*$!
{
	archiveVersion = 1;
	classes = {
	};
	objectVersion = 55;
	objects = {

/* Begin PBXBuildFile section */
		2305E92A28C369CA00534120 /* QuestionView.swift in Sources */ = {isa = PBXBuildFile; fileRef = 2305E92928C369CA00534120 /* QuestionView.swift */; };
		2305E92C28C36ACF00534120 /* QuestionBtnType.swift in Sources */ = {isa = PBXBuildFile; fileRef = 2305E92B28C36ACF00534120 /* QuestionBtnType.swift */; };
		2305E92E28C36D9700534120 /* QuestionAnswerView.swift in Sources */ = {isa = PBXBuildFile; fileRef = 2305E92D28C36D9700534120 /* QuestionAnswerView.swift */; };
		2345B58F28C30A5C00F47EEE /* BaseViewController.swift in Sources */ = {isa = PBXBuildFile; fileRef = 2345B58E28C30A5C00F47EEE /* BaseViewController.swift */; };
		2345B59128C30A7500F47EEE /* BaseViewModel.swift in Sources */ = {isa = PBXBuildFile; fileRef = 2345B59028C30A7500F47EEE /* BaseViewModel.swift */; };
		2345B59328C30ABF00F47EEE /* BaseNavigationController.swift in Sources */ = {isa = PBXBuildFile; fileRef = 2345B59228C30ABF00F47EEE /* BaseNavigationController.swift */; };
		2345B59628C30AED00F47EEE /* NaviType.swift in Sources */ = {isa = PBXBuildFile; fileRef = 2345B59528C30AED00F47EEE /* NaviType.swift */; };
		2345B59E28C30BE200F47EEE /* QuestionAnswerVM.swift in Sources */ = {isa = PBXBuildFile; fileRef = 2345B59D28C30BE200F47EEE /* QuestionAnswerVM.swift */; };
		2345B5A028C30C3C00F47EEE /* APIError.swift in Sources */ = {isa = PBXBuildFile; fileRef = 2345B59F28C30C3C00F47EEE /* APIError.swift */; };
		2345B5A228C30D1C00F47EEE /* APIService.swift in Sources */ = {isa = PBXBuildFile; fileRef = 2345B5A128C30D1C00F47EEE /* APIService.swift */; };
		2345B5A428C30D2E00F47EEE /* APISession.swift in Sources */ = {isa = PBXBuildFile; fileRef = 2345B5A328C30D2E00F47EEE /* APISession.swift */; };
		2345B5A628C30D4400F47EEE /* UrlResource.swift in Sources */ = {isa = PBXBuildFile; fileRef = 2345B5A528C30D4400F47EEE /* UrlResource.swift */; };
		2345B5A928C30E5000F47EEE /* LoadingView.swift in Sources */ = {isa = PBXBuildFile; fileRef = 2345B5A828C30E5000F47EEE /* LoadingView.swift */; };
		2345B5AD28C30FA900F47EEE /* NavigationBar.swift in Sources */ = {isa = PBXBuildFile; fileRef = 2345B5AC28C30FA900F47EEE /* NavigationBar.swift */; };
		2345B5AF28C3103600F47EEE /* QuestionAnswerVC.swift in Sources */ = {isa = PBXBuildFile; fileRef = 2345B5AE28C3103600F47EEE /* QuestionAnswerVC.swift */; };
		2345B5C728C3477300F47EEE /* Pretendard-Regular.otf in Resources */ = {isa = PBXBuildFile; fileRef = 2345B5C428C3477300F47EEE /* Pretendard-Regular.otf */; };
		2345B5C828C3477300F47EEE /* Pretendard-Bold.otf in Resources */ = {isa = PBXBuildFile; fileRef = 2345B5C528C3477300F47EEE /* Pretendard-Bold.otf */; };
		2345B5C928C3477300F47EEE /* Pretendard-Light.otf in Resources */ = {isa = PBXBuildFile; fileRef = 2345B5C628C3477300F47EEE /* Pretendard-Light.otf */; };
		2345B5CB28C348EE00F47EEE /* UIFont+.swift in Sources */ = {isa = PBXBuildFile; fileRef = 2345B5CA28C348EE00F47EEE /* UIFont+.swift */; };
		236CE20D5257BA89D2CD728B /* Pods_LifeLibrary.framework in Frameworks */ = {isa = PBXBuildFile; fileRef = EF07E83A6F4CB97481671722 /* Pods_LifeLibrary.framework */; };
		238E60A428C2F97E0055CD43 /* Input.swift in Sources */ = {isa = PBXBuildFile; fileRef = 238E60A328C2F97E0055CD43 /* Input.swift */; };
		238E60A628C2F98D0055CD43 /* Output.swift in Sources */ = {isa = PBXBuildFile; fileRef = 238E60A528C2F98D0055CD43 /* Output.swift */; };
		238E60A828C2F9A20055CD43 /* Loadable.swift in Sources */ = {isa = PBXBuildFile; fileRef = 238E60A728C2F9A20055CD43 /* Loadable.swift */; };
		238E60AA28C2F9E40055CD43 /* UILabel+.swift in Sources */ = {isa = PBXBuildFile; fileRef = 238E60A928C2F9E40055CD43 /* UILabel+.swift */; };
		238E60AC28C2F9FE0055CD43 /* UITextField+.swift in Sources */ = {isa = PBXBuildFile; fileRef = 238E60AB28C2F9FE0055CD43 /* UITextField+.swift */; };
		238E60AE28C2FA140055CD43 /* UITextView+.swift in Sources */ = {isa = PBXBuildFile; fileRef = 238E60AD28C2FA140055CD43 /* UITextView+.swift */; };
		238E60B228C308E00055CD43 /* UIView+.swift in Sources */ = {isa = PBXBuildFile; fileRef = 238E60B128C308E00055CD43 /* UIView+.swift */; };
		238E60B428C3091F0055CD43 /* UIViewController+.swift in Sources */ = {isa = PBXBuildFile; fileRef = 238E60B328C3091F0055CD43 /* UIViewController+.swift */; };
		238E60B628C3095A0055CD43 /* UIColor+.swift in Sources */ = {isa = PBXBuildFile; fileRef = 238E60B528C3095A0055CD43 /* UIColor+.swift */; };
		238E60B828C309A10055CD43 /* BaseView.swift in Sources */ = {isa = PBXBuildFile; fileRef = 238E60B728C309A10055CD43 /* BaseView.swift */; };
		23A0484828C3784800ABC599 /* QuestionResponseModel.swift in Sources */ = {isa = PBXBuildFile; fileRef = 23A0484728C3784800ABC599 /* QuestionResponseModel.swift */; };
		23A0484C28C392DB00ABC599 /* String+.swift in Sources */ = {isa = PBXBuildFile; fileRef = 23A0484B28C392DB00ABC599 /* String+.swift */; };
		23A0484E28C393A700ABC599 /* Date+.swift in Sources */ = {isa = PBXBuildFile; fileRef = 23A0484D28C393A700ABC599 /* Date+.swift */; };
		CE3816F928C2C95400DC781F /* AppDelegate.swift in Sources */ = {isa = PBXBuildFile; fileRef = CE3816F828C2C95400DC781F /* AppDelegate.swift */; };
		CE38170228C2C95700DC781F /* Assets.xcassets in Resources */ = {isa = PBXBuildFile; fileRef = CE38170128C2C95700DC781F /* Assets.xcassets */; };
		CE38170528C2C95700DC781F /* Splash.storyboard in Resources */ = {isa = PBXBuildFile; fileRef = CE38170328C2C95700DC781F /* Splash.storyboard */; };
		CE38170E28C2CACB00DC781F /* Alamofire in Frameworks */ = {isa = PBXBuildFile; productRef = CE38170D28C2CACB00DC781F /* Alamofire */; };
		CE38171128C2CADF00DC781F /* SwiftyJSON in Frameworks */ = {isa = PBXBuildFile; productRef = CE38171028C2CADF00DC781F /* SwiftyJSON */; };
		CE38171428C2CB2C00DC781F /* SwifterSwift in Frameworks */ = {isa = PBXBuildFile; productRef = CE38171328C2CB2C00DC781F /* SwifterSwift */; };
		CE38174428C3238300DC781F /* SplashViewController.swift in Sources */ = {isa = PBXBuildFile; fileRef = CE38174328C3238300DC781F /* SplashViewController.swift */; };
		CE38174728C32A0600DC781F /* OnboardingViewController.swift in Sources */ = {isa = PBXBuildFile; fileRef = CE38174528C32A0600DC781F /* OnboardingViewController.swift */; };
		CE38174828C32A0600DC781F /* OnboardingViewController.xib in Resources */ = {isa = PBXBuildFile; fileRef = CE38174628C32A0600DC781F /* OnboardingViewController.xib */; };
		CE38174B28C330FD00DC781F /* SignUpViewController.swift in Sources */ = {isa = PBXBuildFile; fileRef = CE38174928C330FD00DC781F /* SignUpViewController.swift */; };
		CE38174C28C330FD00DC781F /* SignUpViewController.xib in Resources */ = {isa = PBXBuildFile; fileRef = CE38174A28C330FD00DC781F /* SignUpViewController.xib */; };
		CE38175328C3381900DC781F /* OnboardingNavigationVC.swift in Sources */ = {isa = PBXBuildFile; fileRef = CE38175228C3381900DC781F /* OnboardingNavigationVC.swift */; };
		CE38175628C33CCA00DC781F /* UserViewModel.swift in Sources */ = {isa = PBXBuildFile; fileRef = CE38175528C33CCA00DC781F /* UserViewModel.swift */; };
		CE38175828C33CD300DC781F /* UserInfo.swift in Sources */ = {isa = PBXBuildFile; fileRef = CE38175728C33CD300DC781F /* UserInfo.swift */; };
		CECAE66628C398AA00681BAB /* HomeViewController.swift in Sources */ = {isa = PBXBuildFile; fileRef = CECAE66428C398AA00681BAB /* HomeViewController.swift */; };
		CECAE66728C398AA00681BAB /* HomeViewController.xib in Resources */ = {isa = PBXBuildFile; fileRef = CECAE66528C398AA00681BAB /* HomeViewController.xib */; };
		CECAE66928C3ABE100681BAB /* HomeViewModel.swift in Sources */ = {isa = PBXBuildFile; fileRef = CECAE66828C3ABE100681BAB /* HomeViewModel.swift */; };
		CECAE66D28C3BDE800681BAB /* KeywordViewController.swift in Sources */ = {isa = PBXBuildFile; fileRef = CECAE66B28C3BDE800681BAB /* KeywordViewController.swift */; };
		CECAE66E28C3BDE800681BAB /* KeywordViewController.xib in Resources */ = {isa = PBXBuildFile; fileRef = CECAE66C28C3BDE800681BAB /* KeywordViewController.xib */; };
/* End PBXBuildFile section */

/* Begin PBXFileReference section */
		2305E92928C369CA00534120 /* QuestionView.swift */ = {isa = PBXFileReference; lastKnownFileType = sourcecode.swift; path = QuestionView.swift; sourceTree = "<group>"; };
		2305E92B28C36ACF00534120 /* QuestionBtnType.swift */ = {isa = PBXFileReference; lastKnownFileType = sourcecode.swift; path = QuestionBtnType.swift; sourceTree = "<group>"; };
		2305E92D28C36D9700534120 /* QuestionAnswerView.swift */ = {isa = PBXFileReference; lastKnownFileType = sourcecode.swift; path = QuestionAnswerView.swift; sourceTree = "<group>"; };
		2345B58E28C30A5C00F47EEE /* BaseViewController.swift */ = {isa = PBXFileReference; lastKnownFileType = sourcecode.swift; name = BaseViewController.swift; path = LifeLibrary/Global/Base/BaseViewController.swift; sourceTree = SOURCE_ROOT; };
		2345B59028C30A7500F47EEE /* BaseViewModel.swift */ = {isa = PBXFileReference; lastKnownFileType = sourcecode.swift; name = BaseViewModel.swift; path = LifeLibrary/Global/Base/BaseViewModel.swift; sourceTree = SOURCE_ROOT; };
		2345B59228C30ABF00F47EEE /* BaseNavigationController.swift */ = {isa = PBXFileReference; lastKnownFileType = sourcecode.swift; name = BaseNavigationController.swift; path = LifeLibrary/Global/Base/BaseNavigationController.swift; sourceTree = SOURCE_ROOT; };
		2345B59528C30AED00F47EEE /* NaviType.swift */ = {isa = PBXFileReference; lastKnownFileType = sourcecode.swift; path = NaviType.swift; sourceTree = "<group>"; };
		2345B59D28C30BE200F47EEE /* QuestionAnswerVM.swift */ = {isa = PBXFileReference; lastKnownFileType = sourcecode.swift; path = QuestionAnswerVM.swift; sourceTree = "<group>"; };
		2345B59F28C30C3C00F47EEE /* APIError.swift */ = {isa = PBXFileReference; lastKnownFileType = sourcecode.swift; name = APIError.swift; path = LifeLibrary/Global/Network/APIError.swift; sourceTree = SOURCE_ROOT; };
		2345B5A128C30D1C00F47EEE /* APIService.swift */ = {isa = PBXFileReference; lastKnownFileType = sourcecode.swift; name = APIService.swift; path = LifeLibrary/Global/Network/APIService.swift; sourceTree = SOURCE_ROOT; };
		2345B5A328C30D2E00F47EEE /* APISession.swift */ = {isa = PBXFileReference; lastKnownFileType = sourcecode.swift; name = APISession.swift; path = LifeLibrary/Global/Network/APISession.swift; sourceTree = SOURCE_ROOT; };
		2345B5A528C30D4400F47EEE /* UrlResource.swift */ = {isa = PBXFileReference; lastKnownFileType = sourcecode.swift; name = UrlResource.swift; path = LifeLibrary/Global/Network/UrlResource.swift; sourceTree = SOURCE_ROOT; };
		2345B5A828C30E5000F47EEE /* LoadingView.swift */ = {isa = PBXFileReference; lastKnownFileType = sourcecode.swift; path = LoadingView.swift; sourceTree = "<group>"; };
		2345B5AC28C30FA900F47EEE /* NavigationBar.swift */ = {isa = PBXFileReference; lastKnownFileType = sourcecode.swift; path = NavigationBar.swift; sourceTree = "<group>"; };
		2345B5AE28C3103600F47EEE /* QuestionAnswerVC.swift */ = {isa = PBXFileReference; lastKnownFileType = sourcecode.swift; path = QuestionAnswerVC.swift; sourceTree = "<group>"; };
		2345B5C428C3477300F47EEE /* Pretendard-Regular.otf */ = {isa = PBXFileReference; lastKnownFileType = file; path = "Pretendard-Regular.otf"; sourceTree = "<group>"; };
		2345B5C528C3477300F47EEE /* Pretendard-Bold.otf */ = {isa = PBXFileReference; lastKnownFileType = file; path = "Pretendard-Bold.otf"; sourceTree = "<group>"; };
		2345B5C628C3477300F47EEE /* Pretendard-Light.otf */ = {isa = PBXFileReference; lastKnownFileType = file; path = "Pretendard-Light.otf"; sourceTree = "<group>"; };
		2345B5CA28C348EE00F47EEE /* UIFont+.swift */ = {isa = PBXFileReference; lastKnownFileType = sourcecode.swift; path = "UIFont+.swift"; sourceTree = "<group>"; };
		238E60A328C2F97E0055CD43 /* Input.swift */ = {isa = PBXFileReference; lastKnownFileType = sourcecode.swift; path = Input.swift; sourceTree = "<group>"; };
		238E60A528C2F98D0055CD43 /* Output.swift */ = {isa = PBXFileReference; lastKnownFileType = sourcecode.swift; path = Output.swift; sourceTree = "<group>"; };
		238E60A728C2F9A20055CD43 /* Loadable.swift */ = {isa = PBXFileReference; lastKnownFileType = sourcecode.swift; path = Loadable.swift; sourceTree = "<group>"; };
		238E60A928C2F9E40055CD43 /* UILabel+.swift */ = {isa = PBXFileReference; lastKnownFileType = sourcecode.swift; path = "UILabel+.swift"; sourceTree = "<group>"; };
		238E60AB28C2F9FE0055CD43 /* UITextField+.swift */ = {isa = PBXFileReference; lastKnownFileType = sourcecode.swift; path = "UITextField+.swift"; sourceTree = "<group>"; };
		238E60AD28C2FA140055CD43 /* UITextView+.swift */ = {isa = PBXFileReference; lastKnownFileType = sourcecode.swift; path = "UITextView+.swift"; sourceTree = "<group>"; };
		238E60B128C308E00055CD43 /* UIView+.swift */ = {isa = PBXFileReference; lastKnownFileType = sourcecode.swift; path = "UIView+.swift"; sourceTree = "<group>"; };
		238E60B328C3091F0055CD43 /* UIViewController+.swift */ = {isa = PBXFileReference; lastKnownFileType = sourcecode.swift; path = "UIViewController+.swift"; sourceTree = "<group>"; };
		238E60B528C3095A0055CD43 /* UIColor+.swift */ = {isa = PBXFileReference; lastKnownFileType = sourcecode.swift; path = "UIColor+.swift"; sourceTree = "<group>"; };
		238E60B728C309A10055CD43 /* BaseView.swift */ = {isa = PBXFileReference; lastKnownFileType = sourcecode.swift; name = BaseView.swift; path = LifeLibrary/Global/Base/BaseView.swift; sourceTree = SOURCE_ROOT; };
		23A0484728C3784800ABC599 /* QuestionResponseModel.swift */ = {isa = PBXFileReference; lastKnownFileType = sourcecode.swift; path = QuestionResponseModel.swift; sourceTree = "<group>"; };
		23A0484B28C392DB00ABC599 /* String+.swift */ = {isa = PBXFileReference; lastKnownFileType = sourcecode.swift; path = "String+.swift"; sourceTree = "<group>"; };
		23A0484D28C393A700ABC599 /* Date+.swift */ = {isa = PBXFileReference; lastKnownFileType = sourcecode.swift; path = "Date+.swift"; sourceTree = "<group>"; };
		9C641F0D60398498A4398D7A /* Pods-LifeLibrary.release.xcconfig */ = {isa = PBXFileReference; includeInIndex = 1; lastKnownFileType = text.xcconfig; name = "Pods-LifeLibrary.release.xcconfig"; path = "Target Support Files/Pods-LifeLibrary/Pods-LifeLibrary.release.xcconfig"; sourceTree = "<group>"; };
		CE3816F528C2C95400DC781F /* LifeLibrary.app */ = {isa = PBXFileReference; explicitFileType = wrapper.application; includeInIndex = 0; path = LifeLibrary.app; sourceTree = BUILT_PRODUCTS_DIR; };
		CE3816F828C2C95400DC781F /* AppDelegate.swift */ = {isa = PBXFileReference; lastKnownFileType = sourcecode.swift; path = AppDelegate.swift; sourceTree = "<group>"; };
		CE38170128C2C95700DC781F /* Assets.xcassets */ = {isa = PBXFileReference; lastKnownFileType = folder.assetcatalog; path = Assets.xcassets; sourceTree = "<group>"; };
		CE38170428C2C95700DC781F /* Base */ = {isa = PBXFileReference; lastKnownFileType = file.storyboard; name = Base; path = Base.lproj/Splash.storyboard; sourceTree = "<group>"; };
		CE38170628C2C95700DC781F /* Info.plist */ = {isa = PBXFileReference; lastKnownFileType = text.plist.xml; path = Info.plist; sourceTree = "<group>"; };
		CE38171628C2CBD600DC781F /* .swiftlint.yml */ = {isa = PBXFileReference; lastKnownFileType = text.yaml; name = .swiftlint.yml; path = ../.swiftlint.yml; sourceTree = "<group>"; };
		CE38174328C3238300DC781F /* SplashViewController.swift */ = {isa = PBXFileReference; lastKnownFileType = sourcecode.swift; path = SplashViewController.swift; sourceTree = "<group>"; };
		CE38174528C32A0600DC781F /* OnboardingViewController.swift */ = {isa = PBXFileReference; lastKnownFileType = sourcecode.swift; path = OnboardingViewController.swift; sourceTree = "<group>"; };
		CE38174628C32A0600DC781F /* OnboardingViewController.xib */ = {isa = PBXFileReference; lastKnownFileType = file.xib; path = OnboardingViewController.xib; sourceTree = "<group>"; };
		CE38174928C330FD00DC781F /* SignUpViewController.swift */ = {isa = PBXFileReference; lastKnownFileType = sourcecode.swift; path = SignUpViewController.swift; sourceTree = "<group>"; };
		CE38174A28C330FD00DC781F /* SignUpViewController.xib */ = {isa = PBXFileReference; lastKnownFileType = file.xib; path = SignUpViewController.xib; sourceTree = "<group>"; };
		CE38175228C3381900DC781F /* OnboardingNavigationVC.swift */ = {isa = PBXFileReference; lastKnownFileType = sourcecode.swift; path = OnboardingNavigationVC.swift; sourceTree = "<group>"; };
		CE38175528C33CCA00DC781F /* UserViewModel.swift */ = {isa = PBXFileReference; lastKnownFileType = sourcecode.swift; path = UserViewModel.swift; sourceTree = "<group>"; };
		CE38175728C33CD300DC781F /* UserInfo.swift */ = {isa = PBXFileReference; lastKnownFileType = sourcecode.swift; path = UserInfo.swift; sourceTree = "<group>"; };
		CECAE66428C398AA00681BAB /* HomeViewController.swift */ = {isa = PBXFileReference; lastKnownFileType = sourcecode.swift; path = HomeViewController.swift; sourceTree = "<group>"; };
		CECAE66528C398AA00681BAB /* HomeViewController.xib */ = {isa = PBXFileReference; lastKnownFileType = file.xib; path = HomeViewController.xib; sourceTree = "<group>"; };
		CECAE66828C3ABE100681BAB /* HomeViewModel.swift */ = {isa = PBXFileReference; lastKnownFileType = sourcecode.swift; path = HomeViewModel.swift; sourceTree = "<group>"; };
		CECAE66B28C3BDE800681BAB /* KeywordViewController.swift */ = {isa = PBXFileReference; lastKnownFileType = sourcecode.swift; path = KeywordViewController.swift; sourceTree = "<group>"; };
		CECAE66C28C3BDE800681BAB /* KeywordViewController.xib */ = {isa = PBXFileReference; lastKnownFileType = file.xib; path = KeywordViewController.xib; sourceTree = "<group>"; };
		EF07E83A6F4CB97481671722 /* Pods_LifeLibrary.framework */ = {isa = PBXFileReference; explicitFileType = wrapper.framework; includeInIndex = 0; path = Pods_LifeLibrary.framework; sourceTree = BUILT_PRODUCTS_DIR; };
		FEC96BD24E2453D752A5CCE2 /* Pods-LifeLibrary.debug.xcconfig */ = {isa = PBXFileReference; includeInIndex = 1; lastKnownFileType = text.xcconfig; name = "Pods-LifeLibrary.debug.xcconfig"; path = "Target Support Files/Pods-LifeLibrary/Pods-LifeLibrary.debug.xcconfig"; sourceTree = "<group>"; };
/* End PBXFileReference section */

/* Begin PBXFrameworksBuildPhase section */
		CE3816F228C2C95400DC781F /* Frameworks */ = {
			isa = PBXFrameworksBuildPhase;
			buildActionMask = 2147483647;
			files = (
				CE38171128C2CADF00DC781F /* SwiftyJSON in Frameworks */,
				CE38171428C2CB2C00DC781F /* SwifterSwift in Frameworks */,
				236CE20D5257BA89D2CD728B /* Pods_LifeLibrary.framework in Frameworks */,
				CE38170E28C2CACB00DC781F /* Alamofire in Frameworks */,
			);
			runOnlyForDeploymentPostprocessing = 0;
		};
/* End PBXFrameworksBuildPhase section */

/* Begin PBXGroup section */
		2305E92828C369B200534120 /* View */ = {
			isa = PBXGroup;
			children = (
				2305E92928C369CA00534120 /* QuestionView.swift */,
				2305E92D28C36D9700534120 /* QuestionAnswerView.swift */,
			);
			path = View;
			sourceTree = "<group>";
		};
		2345B59428C30AE200F47EEE /* Enum */ = {
			isa = PBXGroup;
			children = (
				2345B59528C30AED00F47EEE /* NaviType.swift */,
				2305E92B28C36ACF00534120 /* QuestionBtnType.swift */,
			);
			path = Enum;
			sourceTree = "<group>";
		};
		2345B5B328C31DFA00F47EEE /* Network */ = {
			isa = PBXGroup;
			children = (
				2345B59F28C30C3C00F47EEE /* APIError.swift */,
				2345B5A128C30D1C00F47EEE /* APIService.swift */,
				2345B5A328C30D2E00F47EEE /* APISession.swift */,
				2345B5A528C30D4400F47EEE /* UrlResource.swift */,
			);
			path = Network;
			sourceTree = "<group>";
		};
		2345B5B428C31E0600F47EEE /* Base */ = {
			isa = PBXGroup;
			children = (
				238E60B728C309A10055CD43 /* BaseView.swift */,
				2345B58E28C30A5C00F47EEE /* BaseViewController.swift */,
				2345B59028C30A7500F47EEE /* BaseViewModel.swift */,
				2345B59228C30ABF00F47EEE /* BaseNavigationController.swift */,
			);
			path = Base;
			sourceTree = "<group>";
		};
		2345B5B628C31E3100F47EEE /* Screen */ = {
			isa = PBXGroup;
			children = (
				CECAE66A28C3BDD700681BAB /* Keyword */,
				CECAE66328C3988000681BAB /* Home */,
				CE38174D28C333A900DC781F /* OnBoarding */,
				CE38174228C3235A00DC781F /* Splash */,
				CE38173F28C3234800DC781F /* User */,
				2345B5B828C31E4100F47EEE /* Common */,
				2345B5B728C31E3500F47EEE /* QuestionAnswer */,
			);
			path = Screen;
			sourceTree = "<group>";
		};
		2345B5B728C31E3500F47EEE /* QuestionAnswer */ = {
			isa = PBXGroup;
			children = (
				23A0484628C3783800ABC599 /* Model */,
				2305E92828C369B200534120 /* View */,
				2345B5BC28C31E6900F47EEE /* ViewModel */,
				2345B5BA28C31E5D00F47EEE /* ViewController */,
			);
			path = QuestionAnswer;
			sourceTree = "<group>";
		};
		2345B5B828C31E4100F47EEE /* Common */ = {
			isa = PBXGroup;
			children = (
				2345B5AC28C30FA900F47EEE /* NavigationBar.swift */,
				2345B5A828C30E5000F47EEE /* LoadingView.swift */,
			);
			path = Common;
			sourceTree = "<group>";
		};
		2345B5BA28C31E5D00F47EEE /* ViewController */ = {
			isa = PBXGroup;
			children = (
				2345B5AE28C3103600F47EEE /* QuestionAnswerVC.swift */,
			);
			path = ViewController;
			sourceTree = "<group>";
		};
		2345B5BC28C31E6900F47EEE /* ViewModel */ = {
			isa = PBXGroup;
			children = (
				2345B59D28C30BE200F47EEE /* QuestionAnswerVM.swift */,
			);
			path = ViewModel;
			sourceTree = "<group>";
		};
		2345B5BD28C31EF700F47EEE /* Support */ = {
			isa = PBXGroup;
			children = (
				CE3816F828C2C95400DC781F /* AppDelegate.swift */,
				CE38170128C2C95700DC781F /* Assets.xcassets */,
				CE38170328C2C95700DC781F /* Splash.storyboard */,
				CE38170628C2C95700DC781F /* Info.plist */,
				CE38171628C2CBD600DC781F /* .swiftlint.yml */,
			);
			path = Support;
			sourceTree = "<group>";
		};
		2345B5C328C346D900F47EEE /* Font */ = {
			isa = PBXGroup;
			children = (
				2345B5C528C3477300F47EEE /* Pretendard-Bold.otf */,
				2345B5C628C3477300F47EEE /* Pretendard-Light.otf */,
				2345B5C428C3477300F47EEE /* Pretendard-Regular.otf */,
			);
			path = Font;
			sourceTree = "<group>";
		};
		238E609F28C2F8EC0055CD43 /* Global */ = {
			isa = PBXGroup;
			children = (
				238E60A128C2F8F60055CD43 /* Foundation */,
				2345B5B428C31E0600F47EEE /* Base */,
				2345B5B328C31DFA00F47EEE /* Network */,
				238E60A028C2F8F10055CD43 /* Extension */,
				2345B59428C30AE200F47EEE /* Enum */,
				2345B5C328C346D900F47EEE /* Font */,
			);
			path = Global;
			sourceTree = "<group>";
		};
		238E60A028C2F8F10055CD43 /* Extension */ = {
			isa = PBXGroup;
			children = (
				238E60A928C2F9E40055CD43 /* UILabel+.swift */,
				238E60AB28C2F9FE0055CD43 /* UITextField+.swift */,
				238E60AD28C2FA140055CD43 /* UITextView+.swift */,
				238E60B128C308E00055CD43 /* UIView+.swift */,
				238E60B328C3091F0055CD43 /* UIViewController+.swift */,
				238E60B528C3095A0055CD43 /* UIColor+.swift */,
				2345B5CA28C348EE00F47EEE /* UIFont+.swift */,
				23A0484B28C392DB00ABC599 /* String+.swift */,
				23A0484D28C393A700ABC599 /* Date+.swift */,
			);
			path = Extension;
			sourceTree = "<group>";
		};
		238E60A128C2F8F60055CD43 /* Foundation */ = {
			isa = PBXGroup;
			children = (
				238E60A328C2F97E0055CD43 /* Input.swift */,
				238E60A528C2F98D0055CD43 /* Output.swift */,
				238E60A728C2F9A20055CD43 /* Loadable.swift */,
			);
			path = Foundation;
			sourceTree = "<group>";
		};
		23A0484628C3783800ABC599 /* Model */ = {
			isa = PBXGroup;
			children = (
				23A0484728C3784800ABC599 /* QuestionResponseModel.swift */,
			);
			path = Model;
			sourceTree = "<group>";
		};
		498BA536F6293FCCA3FA4AF4 /* Pods */ = {
			isa = PBXGroup;
			children = (
				FEC96BD24E2453D752A5CCE2 /* Pods-LifeLibrary.debug.xcconfig */,
				9C641F0D60398498A4398D7A /* Pods-LifeLibrary.release.xcconfig */,
			);
			path = Pods;
			sourceTree = "<group>";
		};
		CE3816EC28C2C95400DC781F = {
			isa = PBXGroup;
			children = (
				CE3816F728C2C95400DC781F /* LifeLibrary */,
				CE3816F628C2C95400DC781F /* Products */,
				498BA536F6293FCCA3FA4AF4 /* Pods */,
				D22530AF4BA5E8980FADDF27 /* Frameworks */,
			);
			sourceTree = "<group>";
		};
		CE3816F628C2C95400DC781F /* Products */ = {
			isa = PBXGroup;
			children = (
				CE3816F528C2C95400DC781F /* LifeLibrary.app */,
			);
			name = Products;
			sourceTree = "<group>";
		};
		CE3816F728C2C95400DC781F /* LifeLibrary */ = {
			isa = PBXGroup;
			children = (
				238E609F28C2F8EC0055CD43 /* Global */,
				2345B5B628C31E3100F47EEE /* Screen */,
				2345B5BD28C31EF700F47EEE /* Support */,
			);
			path = LifeLibrary;
			sourceTree = "<group>";
		};
		CE38173F28C3234800DC781F /* User */ = {
			isa = PBXGroup;
			children = (
				CE38175428C33CBF00DC781F /* ViewModel */,
				CE38174128C3235500DC781F /* SignUp */,
				CE38175728C33CD300DC781F /* UserInfo.swift */,
			);
			path = User;
			sourceTree = "<group>";
		};
		CE38174128C3235500DC781F /* SignUp */ = {
			isa = PBXGroup;
			children = (
				CE38174928C330FD00DC781F /* SignUpViewController.swift */,
				CE38174A28C330FD00DC781F /* SignUpViewController.xib */,
			);
			path = SignUp;
			sourceTree = "<group>";
		};
		CE38174228C3235A00DC781F /* Splash */ = {
			isa = PBXGroup;
			children = (
				CE38174328C3238300DC781F /* SplashViewController.swift */,
			);
			path = Splash;
			sourceTree = "<group>";
		};
		CE38174D28C333A900DC781F /* OnBoarding */ = {
			isa = PBXGroup;
			children = (
				CE38174528C32A0600DC781F /* OnboardingViewController.swift */,
				CE38174628C32A0600DC781F /* OnboardingViewController.xib */,
				CE38175228C3381900DC781F /* OnboardingNavigationVC.swift */,
			);
			path = OnBoarding;
			sourceTree = "<group>";
		};
		CE38175428C33CBF00DC781F /* ViewModel */ = {
			isa = PBXGroup;
			children = (
				CE38175528C33CCA00DC781F /* UserViewModel.swift */,
			);
			path = ViewModel;
			sourceTree = "<group>";
		};
		CECAE66328C3988000681BAB /* Home */ = {
			isa = PBXGroup;
			children = (
				CECAE66428C398AA00681BAB /* HomeViewController.swift */,
				CECAE66528C398AA00681BAB /* HomeViewController.xib */,
				CECAE66828C3ABE100681BAB /* HomeViewModel.swift */,
			);
			path = Home;
			sourceTree = "<group>";
		};
		CECAE66A28C3BDD700681BAB /* Keyword */ = {
			isa = PBXGroup;
			children = (
				CECAE66B28C3BDE800681BAB /* KeywordViewController.swift */,
				CECAE66C28C3BDE800681BAB /* KeywordViewController.xib */,
			);
			path = Keyword;
			sourceTree = "<group>";
		};
		D22530AF4BA5E8980FADDF27 /* Frameworks */ = {
			isa = PBXGroup;
			children = (
				EF07E83A6F4CB97481671722 /* Pods_LifeLibrary.framework */,
			);
			name = Frameworks;
			sourceTree = "<group>";
		};
/* End PBXGroup section */

/* Begin PBXNativeTarget section */
		CE3816F428C2C95400DC781F /* LifeLibrary */ = {
			isa = PBXNativeTarget;
			buildConfigurationList = CE38170928C2C95700DC781F /* Build configuration list for PBXNativeTarget "LifeLibrary" */;
			buildPhases = (
				A10AAF0EAB9AAC72C5E46DC2 /* [CP] Check Pods Manifest.lock */,
				CE3816F128C2C95400DC781F /* Sources */,
				CE3816F228C2C95400DC781F /* Frameworks */,
				CE3816F328C2C95400DC781F /* Resources */,
				CE38171528C2CB9400DC781F /* ShellScript */,
				42EC62508B90605C020B9F72 /* [CP] Embed Pods Frameworks */,
			);
			buildRules = (
			);
			dependencies = (
			);
			name = LifeLibrary;
			packageProductDependencies = (
				CE38170D28C2CACB00DC781F /* Alamofire */,
				CE38171028C2CADF00DC781F /* SwiftyJSON */,
				CE38171328C2CB2C00DC781F /* SwifterSwift */,
			);
			productName = LifeLibrary;
			productReference = CE3816F528C2C95400DC781F /* LifeLibrary.app */;
			productType = "com.apple.product-type.application";
		};
/* End PBXNativeTarget section */

/* Begin PBXProject section */
		CE3816ED28C2C95400DC781F /* Project object */ = {
			isa = PBXProject;
			attributes = {
				BuildIndependentTargetsInParallel = 1;
				LastSwiftUpdateCheck = 1340;
				LastUpgradeCheck = 1340;
				TargetAttributes = {
					CE3816F428C2C95400DC781F = {
						CreatedOnToolsVersion = 13.4.1;
					};
				};
			};
			buildConfigurationList = CE3816F028C2C95400DC781F /* Build configuration list for PBXProject "LifeLibrary" */;
			compatibilityVersion = "Xcode 13.0";
			developmentRegion = en;
			hasScannedForEncodings = 0;
			knownRegions = (
				en,
				Base,
			);
			mainGroup = CE3816EC28C2C95400DC781F;
			packageReferences = (
				CE38170C28C2CACB00DC781F /* XCRemoteSwiftPackageReference "Alamofire" */,
				CE38170F28C2CADF00DC781F /* XCRemoteSwiftPackageReference "SwiftyJSON" */,
				CE38171228C2CB2C00DC781F /* XCRemoteSwiftPackageReference "SwifterSwift" */,
			);
			productRefGroup = CE3816F628C2C95400DC781F /* Products */;
			projectDirPath = "";
			projectRoot = "";
			targets = (
				CE3816F428C2C95400DC781F /* LifeLibrary */,
			);
		};
/* End PBXProject section */

/* Begin PBXResourcesBuildPhase section */
		CE3816F328C2C95400DC781F /* Resources */ = {
			isa = PBXResourcesBuildPhase;
			buildActionMask = 2147483647;
			files = (
				2345B5C828C3477300F47EEE /* Pretendard-Bold.otf in Resources */,
				CECAE66E28C3BDE800681BAB /* KeywordViewController.xib in Resources */,
				2345B5C728C3477300F47EEE /* Pretendard-Regular.otf in Resources */,
				2345B5C928C3477300F47EEE /* Pretendard-Light.otf in Resources */,
				CE38170528C2C95700DC781F /* Splash.storyboard in Resources */,
				CE38170228C2C95700DC781F /* Assets.xcassets in Resources */,
				CE38174C28C330FD00DC781F /* SignUpViewController.xib in Resources */,
				CE38174828C32A0600DC781F /* OnboardingViewController.xib in Resources */,
				CECAE66728C398AA00681BAB /* HomeViewController.xib in Resources */,
			);
			runOnlyForDeploymentPostprocessing = 0;
		};
/* End PBXResourcesBuildPhase section */

/* Begin PBXShellScriptBuildPhase section */
		42EC62508B90605C020B9F72 /* [CP] Embed Pods Frameworks */ = {
			isa = PBXShellScriptBuildPhase;
			buildActionMask = 2147483647;
			files = (
			);
			inputFileListPaths = (
				"${PODS_ROOT}/Target Support Files/Pods-LifeLibrary/Pods-LifeLibrary-frameworks-${CONFIGURATION}-input-files.xcfilelist",
			);
			name = "[CP] Embed Pods Frameworks";
			outputFileListPaths = (
				"${PODS_ROOT}/Target Support Files/Pods-LifeLibrary/Pods-LifeLibrary-frameworks-${CONFIGURATION}-output-files.xcfilelist",
			);
			runOnlyForDeploymentPostprocessing = 0;
			shellPath = /bin/sh;
			shellScript = "\"${PODS_ROOT}/Target Support Files/Pods-LifeLibrary/Pods-LifeLibrary-frameworks.sh\"\n";
			showEnvVarsInLog = 0;
		};
		A10AAF0EAB9AAC72C5E46DC2 /* [CP] Check Pods Manifest.lock */ = {
			isa = PBXShellScriptBuildPhase;
			buildActionMask = 2147483647;
			files = (
			);
			inputFileListPaths = (
			);
			inputPaths = (
				"${PODS_PODFILE_DIR_PATH}/Podfile.lock",
				"${PODS_ROOT}/Manifest.lock",
			);
			name = "[CP] Check Pods Manifest.lock";
			outputFileListPaths = (
			);
			outputPaths = (
				"$(DERIVED_FILE_DIR)/Pods-LifeLibrary-checkManifestLockResult.txt",
			);
			runOnlyForDeploymentPostprocessing = 0;
			shellPath = /bin/sh;
			shellScript = "diff \"${PODS_PODFILE_DIR_PATH}/Podfile.lock\" \"${PODS_ROOT}/Manifest.lock\" > /dev/null\nif [ $? != 0 ] ; then\n    # print error to STDERR\n    echo \"error: The sandbox is not in sync with the Podfile.lock. Run 'pod install' or update your CocoaPods installation.\" >&2\n    exit 1\nfi\n# This output is used by Xcode 'outputs' to avoid re-running this script phase.\necho \"SUCCESS\" > \"${SCRIPT_OUTPUT_FILE_0}\"\n";
			showEnvVarsInLog = 0;
		};
		CE38171528C2CB9400DC781F /* ShellScript */ = {
			isa = PBXShellScriptBuildPhase;
			buildActionMask = 2147483647;
			files = (
			);
			inputFileListPaths = (
			);
			inputPaths = (
			);
			outputFileListPaths = (
			);
			outputPaths = (
			);
			runOnlyForDeploymentPostprocessing = 0;
			shellPath = /bin/sh;
			shellScript = "# Type a script or drag a script file from your workspace to insert its path.\n${PODS_ROOT}/SwiftLint/swiftlint\n";
		};
/* End PBXShellScriptBuildPhase section */

/* Begin PBXSourcesBuildPhase section */
		CE3816F128C2C95400DC781F /* Sources */ = {
			isa = PBXSourcesBuildPhase;
			buildActionMask = 2147483647;
			files = (
				2305E92A28C369CA00534120 /* QuestionView.swift in Sources */,
				238E60A628C2F98D0055CD43 /* Output.swift in Sources */,
				CECAE66D28C3BDE800681BAB /* KeywordViewController.swift in Sources */,
				CE38175628C33CCA00DC781F /* UserViewModel.swift in Sources */,
				CECAE66628C398AA00681BAB /* HomeViewController.swift in Sources */,
				238E60B828C309A10055CD43 /* BaseView.swift in Sources */,
				238E60B628C3095A0055CD43 /* UIColor+.swift in Sources */,
				2345B58F28C30A5C00F47EEE /* BaseViewController.swift in Sources */,
				23A0484C28C392DB00ABC599 /* String+.swift in Sources */,
				2345B5A228C30D1C00F47EEE /* APIService.swift in Sources */,
				2345B59628C30AED00F47EEE /* NaviType.swift in Sources */,
				238E60AC28C2F9FE0055CD43 /* UITextField+.swift in Sources */,
				CE38174428C3238300DC781F /* SplashViewController.swift in Sources */,
				2305E92E28C36D9700534120 /* QuestionAnswerView.swift in Sources */,
				2345B5A028C30C3C00F47EEE /* APIError.swift in Sources */,
				238E60B228C308E00055CD43 /* UIView+.swift in Sources */,
				2305E92C28C36ACF00534120 /* QuestionBtnType.swift in Sources */,
				2345B5AD28C30FA900F47EEE /* NavigationBar.swift in Sources */,
				2345B59328C30ABF00F47EEE /* BaseNavigationController.swift in Sources */,
				CE38174728C32A0600DC781F /* OnboardingViewController.swift in Sources */,
				CE38174728C32A0600DC781F /* OnboardingViewController.swift in Sources */,
				2345B5AF28C3103600F47EEE /* QuestionAnswerVC.swift in Sources */,
				238E60AE28C2FA140055CD43 /* UITextView+.swift in Sources */,
				238E60A428C2F97E0055CD43 /* Input.swift in Sources */,
				238E60AA28C2F9E40055CD43 /* UILabel+.swift in Sources */,
				2345B59128C30A7500F47EEE /* BaseViewModel.swift in Sources */,
				2345B5CB28C348EE00F47EEE /* UIFont+.swift in Sources */,
				238E60B428C3091F0055CD43 /* UIViewController+.swift in Sources */,
				CE3816F928C2C95400DC781F /* AppDelegate.swift in Sources */,
				23A0484E28C393A700ABC599 /* Date+.swift in Sources */,
				2345B59E28C30BE200F47EEE /* QuestionAnswerVM.swift in Sources */,
				238E60A828C2F9A20055CD43 /* Loadable.swift in Sources */,
				CE38175328C3381900DC781F /* OnboardingNavigationVC.swift in Sources */,
				23A0484828C3784800ABC599 /* QuestionResponseModel.swift in Sources */,
				2345B5A628C30D4400F47EEE /* UrlResource.swift in Sources */,
				CECAE66928C3ABE100681BAB /* HomeViewModel.swift in Sources */,
				2345B5A428C30D2E00F47EEE /* APISession.swift in Sources */,
				CE38174B28C330FD00DC781F /* SignUpViewController.swift in Sources */,
				CE38175828C33CD300DC781F /* UserInfo.swift in Sources */,
				2345B5A928C30E5000F47EEE /* LoadingView.swift in Sources */,
			);
			runOnlyForDeploymentPostprocessing = 0;
		};
/* End PBXSourcesBuildPhase section */

/* Begin PBXVariantGroup section */
		CE38170328C2C95700DC781F /* Splash.storyboard */ = {
			isa = PBXVariantGroup;
			children = (
				CE38170428C2C95700DC781F /* Base */,
			);
			name = Splash.storyboard;
			sourceTree = "<group>";
		};
/* End PBXVariantGroup section */

/* Begin XCBuildConfiguration section */
		CE38170728C2C95700DC781F /* Debug */ = {
			isa = XCBuildConfiguration;
			buildSettings = {
				ALWAYS_SEARCH_USER_PATHS = NO;
				CLANG_ANALYZER_NONNULL = YES;
				CLANG_ANALYZER_NUMBER_OBJECT_CONVERSION = YES_AGGRESSIVE;
				CLANG_CXX_LANGUAGE_STANDARD = "gnu++17";
				CLANG_ENABLE_MODULES = YES;
				CLANG_ENABLE_OBJC_ARC = YES;
				CLANG_ENABLE_OBJC_WEAK = YES;
				CLANG_WARN_BLOCK_CAPTURE_AUTORELEASING = YES;
				CLANG_WARN_BOOL_CONVERSION = YES;
				CLANG_WARN_COMMA = YES;
				CLANG_WARN_CONSTANT_CONVERSION = YES;
				CLANG_WARN_DEPRECATED_OBJC_IMPLEMENTATIONS = YES;
				CLANG_WARN_DIRECT_OBJC_ISA_USAGE = YES_ERROR;
				CLANG_WARN_DOCUMENTATION_COMMENTS = YES;
				CLANG_WARN_EMPTY_BODY = YES;
				CLANG_WARN_ENUM_CONVERSION = YES;
				CLANG_WARN_INFINITE_RECURSION = YES;
				CLANG_WARN_INT_CONVERSION = YES;
				CLANG_WARN_NON_LITERAL_NULL_CONVERSION = YES;
				CLANG_WARN_OBJC_IMPLICIT_RETAIN_SELF = YES;
				CLANG_WARN_OBJC_LITERAL_CONVERSION = YES;
				CLANG_WARN_OBJC_ROOT_CLASS = YES_ERROR;
				CLANG_WARN_QUOTED_INCLUDE_IN_FRAMEWORK_HEADER = YES;
				CLANG_WARN_RANGE_LOOP_ANALYSIS = YES;
				CLANG_WARN_STRICT_PROTOTYPES = YES;
				CLANG_WARN_SUSPICIOUS_MOVE = YES;
				CLANG_WARN_UNGUARDED_AVAILABILITY = YES_AGGRESSIVE;
				CLANG_WARN_UNREACHABLE_CODE = YES;
				CLANG_WARN__DUPLICATE_METHOD_MATCH = YES;
				COPY_PHASE_STRIP = NO;
				DEBUG_INFORMATION_FORMAT = dwarf;
				ENABLE_STRICT_OBJC_MSGSEND = YES;
				ENABLE_TESTABILITY = YES;
				GCC_C_LANGUAGE_STANDARD = gnu11;
				GCC_DYNAMIC_NO_PIC = NO;
				GCC_NO_COMMON_BLOCKS = YES;
				GCC_OPTIMIZATION_LEVEL = 0;
				GCC_PREPROCESSOR_DEFINITIONS = (
					"DEBUG=1",
					"$(inherited)",
				);
				GCC_WARN_64_TO_32_BIT_CONVERSION = YES;
				GCC_WARN_ABOUT_RETURN_TYPE = YES_ERROR;
				GCC_WARN_UNDECLARED_SELECTOR = YES;
				GCC_WARN_UNINITIALIZED_AUTOS = YES_AGGRESSIVE;
				GCC_WARN_UNUSED_FUNCTION = YES;
				GCC_WARN_UNUSED_VARIABLE = YES;
				IPHONEOS_DEPLOYMENT_TARGET = 15.5;
				MTL_ENABLE_DEBUG_INFO = INCLUDE_SOURCE;
				MTL_FAST_MATH = YES;
				ONLY_ACTIVE_ARCH = YES;
				SDKROOT = iphoneos;
				SWIFT_ACTIVE_COMPILATION_CONDITIONS = DEBUG;
				SWIFT_OPTIMIZATION_LEVEL = "-Onone";
			};
			name = Debug;
		};
		CE38170828C2C95700DC781F /* Release */ = {
			isa = XCBuildConfiguration;
			buildSettings = {
				ALWAYS_SEARCH_USER_PATHS = NO;
				CLANG_ANALYZER_NONNULL = YES;
				CLANG_ANALYZER_NUMBER_OBJECT_CONVERSION = YES_AGGRESSIVE;
				CLANG_CXX_LANGUAGE_STANDARD = "gnu++17";
				CLANG_ENABLE_MODULES = YES;
				CLANG_ENABLE_OBJC_ARC = YES;
				CLANG_ENABLE_OBJC_WEAK = YES;
				CLANG_WARN_BLOCK_CAPTURE_AUTORELEASING = YES;
				CLANG_WARN_BOOL_CONVERSION = YES;
				CLANG_WARN_COMMA = YES;
				CLANG_WARN_CONSTANT_CONVERSION = YES;
				CLANG_WARN_DEPRECATED_OBJC_IMPLEMENTATIONS = YES;
				CLANG_WARN_DIRECT_OBJC_ISA_USAGE = YES_ERROR;
				CLANG_WARN_DOCUMENTATION_COMMENTS = YES;
				CLANG_WARN_EMPTY_BODY = YES;
				CLANG_WARN_ENUM_CONVERSION = YES;
				CLANG_WARN_INFINITE_RECURSION = YES;
				CLANG_WARN_INT_CONVERSION = YES;
				CLANG_WARN_NON_LITERAL_NULL_CONVERSION = YES;
				CLANG_WARN_OBJC_IMPLICIT_RETAIN_SELF = YES;
				CLANG_WARN_OBJC_LITERAL_CONVERSION = YES;
				CLANG_WARN_OBJC_ROOT_CLASS = YES_ERROR;
				CLANG_WARN_QUOTED_INCLUDE_IN_FRAMEWORK_HEADER = YES;
				CLANG_WARN_RANGE_LOOP_ANALYSIS = YES;
				CLANG_WARN_STRICT_PROTOTYPES = YES;
				CLANG_WARN_SUSPICIOUS_MOVE = YES;
				CLANG_WARN_UNGUARDED_AVAILABILITY = YES_AGGRESSIVE;
				CLANG_WARN_UNREACHABLE_CODE = YES;
				CLANG_WARN__DUPLICATE_METHOD_MATCH = YES;
				COPY_PHASE_STRIP = NO;
				DEBUG_INFORMATION_FORMAT = "dwarf-with-dsym";
				ENABLE_NS_ASSERTIONS = NO;
				ENABLE_STRICT_OBJC_MSGSEND = YES;
				GCC_C_LANGUAGE_STANDARD = gnu11;
				GCC_NO_COMMON_BLOCKS = YES;
				GCC_WARN_64_TO_32_BIT_CONVERSION = YES;
				GCC_WARN_ABOUT_RETURN_TYPE = YES_ERROR;
				GCC_WARN_UNDECLARED_SELECTOR = YES;
				GCC_WARN_UNINITIALIZED_AUTOS = YES_AGGRESSIVE;
				GCC_WARN_UNUSED_FUNCTION = YES;
				GCC_WARN_UNUSED_VARIABLE = YES;
				IPHONEOS_DEPLOYMENT_TARGET = 15.5;
				MTL_ENABLE_DEBUG_INFO = NO;
				MTL_FAST_MATH = YES;
				SDKROOT = iphoneos;
				SWIFT_COMPILATION_MODE = wholemodule;
				SWIFT_OPTIMIZATION_LEVEL = "-O";
				VALIDATE_PRODUCT = YES;
			};
			name = Release;
		};
		CE38170A28C2C95700DC781F /* Debug */ = {
			isa = XCBuildConfiguration;
			baseConfigurationReference = FEC96BD24E2453D752A5CCE2 /* Pods-LifeLibrary.debug.xcconfig */;
			buildSettings = {
				ASSETCATALOG_COMPILER_APPICON_NAME = AppIcon;
				ASSETCATALOG_COMPILER_GLOBAL_ACCENT_COLOR_NAME = AccentColor;
				CODE_SIGN_STYLE = Automatic;
				CURRENT_PROJECT_VERSION = 1;
				DEVELOPMENT_TEAM = "";
				GENERATE_INFOPLIST_FILE = YES;
				INFOPLIST_FILE = LifeLibrary/Support/Info.plist;
				INFOPLIST_KEY_CFBundleDisplayName = "인생서재";
				INFOPLIST_KEY_UIApplicationSupportsIndirectInputEvents = YES;
				INFOPLIST_KEY_UILaunchStoryboardName = Splash;
				INFOPLIST_KEY_UISupportedInterfaceOrientations_iPad = "UIInterfaceOrientationPortrait UIInterfaceOrientationPortraitUpsideDown UIInterfaceOrientationLandscapeLeft UIInterfaceOrientationLandscapeRight";
				INFOPLIST_KEY_UISupportedInterfaceOrientations_iPhone = "UIInterfaceOrientationPortrait UIInterfaceOrientationLandscapeLeft UIInterfaceOrientationLandscapeRight";
				IPHONEOS_DEPLOYMENT_TARGET = 15.0;
				LD_RUNPATH_SEARCH_PATHS = (
					"$(inherited)",
					"@executable_path/Frameworks",
				);
				MARKETING_VERSION = 1.0;
				PRODUCT_BUNDLE_IDENTIFIER = lifelibrary.LifeLibrary;
				PRODUCT_NAME = "$(TARGET_NAME)";
				SWIFT_EMIT_LOC_STRINGS = YES;
				SWIFT_VERSION = 5.0;
				TARGETED_DEVICE_FAMILY = "1,2";
			};
			name = Debug;
		};
		CE38170B28C2C95700DC781F /* Release */ = {
			isa = XCBuildConfiguration;
			baseConfigurationReference = 9C641F0D60398498A4398D7A /* Pods-LifeLibrary.release.xcconfig */;
			buildSettings = {
				ASSETCATALOG_COMPILER_APPICON_NAME = AppIcon;
				ASSETCATALOG_COMPILER_GLOBAL_ACCENT_COLOR_NAME = AccentColor;
				CODE_SIGN_STYLE = Automatic;
				CURRENT_PROJECT_VERSION = 1;
				DEVELOPMENT_TEAM = "";
				GENERATE_INFOPLIST_FILE = YES;
				INFOPLIST_FILE = LifeLibrary/Support/Info.plist;
				INFOPLIST_KEY_CFBundleDisplayName = "인생서재";
				INFOPLIST_KEY_UIApplicationSupportsIndirectInputEvents = YES;
				INFOPLIST_KEY_UILaunchStoryboardName = Splash;
				INFOPLIST_KEY_UISupportedInterfaceOrientations_iPad = "UIInterfaceOrientationPortrait UIInterfaceOrientationPortraitUpsideDown UIInterfaceOrientationLandscapeLeft UIInterfaceOrientationLandscapeRight";
				INFOPLIST_KEY_UISupportedInterfaceOrientations_iPhone = "UIInterfaceOrientationPortrait UIInterfaceOrientationLandscapeLeft UIInterfaceOrientationLandscapeRight";
				IPHONEOS_DEPLOYMENT_TARGET = 15.0;
				LD_RUNPATH_SEARCH_PATHS = (
					"$(inherited)",
					"@executable_path/Frameworks",
				);
				MARKETING_VERSION = 1.0;
				PRODUCT_BUNDLE_IDENTIFIER = lifelibrary.LifeLibrary;
				PRODUCT_NAME = "$(TARGET_NAME)";
				SWIFT_EMIT_LOC_STRINGS = YES;
				SWIFT_VERSION = 5.0;
				TARGETED_DEVICE_FAMILY = "1,2";
			};
			name = Release;
		};
/* End XCBuildConfiguration section */

/* Begin XCConfigurationList section */
		CE3816F028C2C95400DC781F /* Build configuration list for PBXProject "LifeLibrary" */ = {
			isa = XCConfigurationList;
			buildConfigurations = (
				CE38170728C2C95700DC781F /* Debug */,
				CE38170828C2C95700DC781F /* Release */,
			);
			defaultConfigurationIsVisible = 0;
			defaultConfigurationName = Release;
		};
		CE38170928C2C95700DC781F /* Build configuration list for PBXNativeTarget "LifeLibrary" */ = {
			isa = XCConfigurationList;
			buildConfigurations = (
				CE38170A28C2C95700DC781F /* Debug */,
				CE38170B28C2C95700DC781F /* Release */,
			);
			defaultConfigurationIsVisible = 0;
			defaultConfigurationName = Release;
		};
/* End XCConfigurationList section */

/* Begin XCRemoteSwiftPackageReference section */
		CE38170C28C2CACB00DC781F /* XCRemoteSwiftPackageReference "Alamofire" */ = {
			isa = XCRemoteSwiftPackageReference;
			repositoryURL = "https://github.com/Alamofire/Alamofire.git";
			requirement = {
				kind = upToNextMajorVersion;
				minimumVersion = 5.0.0;
			};
		};
		CE38170F28C2CADF00DC781F /* XCRemoteSwiftPackageReference "SwiftyJSON" */ = {
			isa = XCRemoteSwiftPackageReference;
			repositoryURL = "https://github.com/SwiftyJSON/SwiftyJSON.git";
			requirement = {
				kind = upToNextMajorVersion;
				minimumVersion = 5.0.0;
			};
		};
		CE38171228C2CB2C00DC781F /* XCRemoteSwiftPackageReference "SwifterSwift" */ = {
			isa = XCRemoteSwiftPackageReference;
			repositoryURL = "https://github.com/SwifterSwift/SwifterSwift";
			requirement = {
				kind = upToNextMajorVersion;
				minimumVersion = 5.0.0;
			};
		};
/* End XCRemoteSwiftPackageReference section */

/* Begin XCSwiftPackageProductDependency section */
		CE38170D28C2CACB00DC781F /* Alamofire */ = {
			isa = XCSwiftPackageProductDependency;
			package = CE38170C28C2CACB00DC781F /* XCRemoteSwiftPackageReference "Alamofire" */;
			productName = Alamofire;
		};
		CE38171028C2CADF00DC781F /* SwiftyJSON */ = {
			isa = XCSwiftPackageProductDependency;
			package = CE38170F28C2CADF00DC781F /* XCRemoteSwiftPackageReference "SwiftyJSON" */;
			productName = SwiftyJSON;
		};
		CE38171328C2CB2C00DC781F /* SwifterSwift */ = {
			isa = XCSwiftPackageProductDependency;
			package = CE38171228C2CB2C00DC781F /* XCRemoteSwiftPackageReference "SwifterSwift" */;
			productName = SwifterSwift;
		};
/* End XCSwiftPackageProductDependency section */
	};
	rootObject = CE3816ED28C2C95400DC781F /* Project object */;
}
